
Microsoft Visual Studio Solution File, Format Version 12.00
# Visual Studio 15
VisualStudioVersion = 15.0.27428.2011
MinimumVisualStudioVersion = 10.0.40219.1
Project("{FAE04EC0-301F-11D3-BF4B-00C04F79EFBC}") = "Project1Afdemp", "Project1Afdemp\Project1Afdemp.csproj", "{981CE4A1-136C-4AF3-A235-D13802ABE098}"
EndProject
Global
	GlobalSection(SolutionConfigurationPlatforms) = preSolution
		Debug|Any CPU = Debug|Any CPU
		Release|Any CPU = Release|Any CPU
	EndGlobalSection
	GlobalSection(ProjectConfigurationPlatforms) = postSolution
		{981CE4A1-136C-4AF3-A235-D13802ABE098}.Debug|Any CPU.ActiveCfg = Debug|Any CPU
		{981CE4A1-136C-4AF3-A235-D13802ABE098}.Debug|Any CPU.Build.0 = Debug|Any CPU
		{981CE4A1-136C-4AF3-A235-D13802ABE098}.Release|Any CPU.ActiveCfg = Release|Any CPU
		{981CE4A1-136C-4AF3-A235-D13802ABE098}.Release|Any CPU.Build.0 = Release|Any CPU
	EndGlobalSection
	GlobalSection(SolutionProperties) = preSolution
		HideSolutionNode = FALSE
	EndGlobalSection
	GlobalSection(ExtensibilityGlobals) = postSolution
		SolutionGuid = {86B0ADBB-3881-45EC-A869-60C707A75927}
	EndGlobalSection
EndGlobal
